// !$*UTF8*$!
{
	archiveVersion = 1;
	classes = {
	};
	objectVersion = 48;
	objects = {

/* Begin PBXBuildFile section */
		9C08D6BA202D9C5B0080356B /* Team.swift in Sources */ = {isa = PBXBuildFile; fileRef = 9C08D6B9202D9C5B0080356B /* Team.swift */; };
		9C1109422036D7DD000EAD11 /* Input.swift in Sources */ = {isa = PBXBuildFile; fileRef = 9C1109412036D7DD000EAD11 /* Input.swift */; };
		9C5F6031205BC4B40029BEC0 /* HammerOfGod.swift in Sources */ = {isa = PBXBuildFile; fileRef = 9C5F6030205BC4B40029BEC0 /* HammerOfGod.swift */; };
		9C5F6033205BC6080029BEC0 /* LegendaryWand.swift in Sources */ = {isa = PBXBuildFile; fileRef = 9C5F6032205BC6080029BEC0 /* LegendaryWand.swift */; };
		9C5F6037205BD0F70029BEC0 /* NameManager.swift in Sources */ = {isa = PBXBuildFile; fileRef = 9C5F6036205BD0F70029BEC0 /* NameManager.swift */; };
		9C70A80F20249BEB00005824 /* Character.swift in Sources */ = {isa = PBXBuildFile; fileRef = 9C70A80E20249BEB00005824 /* Character.swift */; };
		9C70A81120249BF300005824 /* Fighter.swift in Sources */ = {isa = PBXBuildFile; fileRef = 9C70A81020249BF300005824 /* Fighter.swift */; };
		9C70A81320249BFF00005824 /* Magus.swift in Sources */ = {isa = PBXBuildFile; fileRef = 9C70A81220249BFF00005824 /* Magus.swift */; };
		9C70A81520249C0700005824 /* Colossus.swift in Sources */ = {isa = PBXBuildFile; fileRef = 9C70A81420249C0700005824 /* Colossus.swift */; };
		9C70A81720249C0F00005824 /* Dwarf.swift in Sources */ = {isa = PBXBuildFile; fileRef = 9C70A81620249C0F00005824 /* Dwarf.swift */; };
		9C70A81920249C1800005824 /* Weapon.swift in Sources */ = {isa = PBXBuildFile; fileRef = 9C70A81820249C1800005824 /* Weapon.swift */; };
		9C70A81B20249C1F00005824 /* Sword.swift in Sources */ = {isa = PBXBuildFile; fileRef = 9C70A81A20249C1F00005824 /* Sword.swift */; };
		9C70A81D20249C5F00005824 /* Axe.swift in Sources */ = {isa = PBXBuildFile; fileRef = 9C70A81C20249C5F00005824 /* Axe.swift */; };
		9C70A81F2024A44C00005824 /* Wand.swift in Sources */ = {isa = PBXBuildFile; fileRef = 9C70A81E2024A44C00005824 /* Wand.swift */; };
		9C70A8212024A45800005824 /* Shield.swift in Sources */ = {isa = PBXBuildFile; fileRef = 9C70A8202024A45800005824 /* Shield.swift */; };
		9C70A8242024AA0000005824 /* Game.swift in Sources */ = {isa = PBXBuildFile; fileRef = 9C70A8232024AA0000005824 /* Game.swift */; };
		9CFA2F34202461DE001416E4 /* main.swift in Sources */ = {isa = PBXBuildFile; fileRef = 9CFA2F33202461DE001416E4 /* main.swift */; };
/* End PBXBuildFile section */

/* Begin PBXCopyFilesBuildPhase section */
		9CFA2F2E202461DE001416E4 /* CopyFiles */ = {
			isa = PBXCopyFilesBuildPhase;
			buildActionMask = 2147483647;
			dstPath = /usr/share/man/man1/;
			dstSubfolderSpec = 0;
			files = (
			);
			runOnlyForDeploymentPostprocessing = 1;
		};
/* End PBXCopyFilesBuildPhase section */

/* Begin PBXFileReference section */
		9C08D6B9202D9C5B0080356B /* Team.swift */ = {isa = PBXFileReference; lastKnownFileType = sourcecode.swift; path = Team.swift; sourceTree = "<group>"; };
		9C1109412036D7DD000EAD11 /* Input.swift */ = {isa = PBXFileReference; lastKnownFileType = sourcecode.swift; path = Input.swift; sourceTree = "<group>"; };
		9C5F6030205BC4B40029BEC0 /* HammerOfGod.swift */ = {isa = PBXFileReference; lastKnownFileType = sourcecode.swift; path = HammerOfGod.swift; sourceTree = "<group>"; };
		9C5F6032205BC6080029BEC0 /* LegendaryWand.swift */ = {isa = PBXFileReference; lastKnownFileType = sourcecode.swift; path = LegendaryWand.swift; sourceTree = "<group>"; };
		9C5F6036205BD0F70029BEC0 /* NameManager.swift */ = {isa = PBXFileReference; lastKnownFileType = sourcecode.swift; path = NameManager.swift; sourceTree = "<group>"; };
		9C70A80E20249BEB00005824 /* Character.swift */ = {isa = PBXFileReference; lastKnownFileType = sourcecode.swift; path = Character.swift; sourceTree = "<group>"; };
		9C70A81020249BF300005824 /* Fighter.swift */ = {isa = PBXFileReference; lastKnownFileType = sourcecode.swift; path = Fighter.swift; sourceTree = "<group>"; };
		9C70A81220249BFF00005824 /* Magus.swift */ = {isa = PBXFileReference; lastKnownFileType = sourcecode.swift; path = Magus.swift; sourceTree = "<group>"; };
		9C70A81420249C0700005824 /* Colossus.swift */ = {isa = PBXFileReference; lastKnownFileType = sourcecode.swift; path = Colossus.swift; sourceTree = "<group>"; };
		9C70A81620249C0F00005824 /* Dwarf.swift */ = {isa = PBXFileReference; lastKnownFileType = sourcecode.swift; path = Dwarf.swift; sourceTree = "<group>"; };
		9C70A81820249C1800005824 /* Weapon.swift */ = {isa = PBXFileReference; lastKnownFileType = sourcecode.swift; path = Weapon.swift; sourceTree = "<group>"; };
		9C70A81A20249C1F00005824 /* Sword.swift */ = {isa = PBXFileReference; lastKnownFileType = sourcecode.swift; path = Sword.swift; sourceTree = "<group>"; };
		9C70A81C20249C5F00005824 /* Axe.swift */ = {isa = PBXFileReference; lastKnownFileType = sourcecode.swift; path = Axe.swift; sourceTree = "<group>"; };
		9C70A81E2024A44C00005824 /* Wand.swift */ = {isa = PBXFileReference; lastKnownFileType = sourcecode.swift; path = Wand.swift; sourceTree = "<group>"; };
		9C70A8202024A45800005824 /* Shield.swift */ = {isa = PBXFileReference; lastKnownFileType = sourcecode.swift; path = Shield.swift; sourceTree = "<group>"; };
		9C70A8232024AA0000005824 /* Game.swift */ = {isa = PBXFileReference; lastKnownFileType = sourcecode.swift; path = Game.swift; sourceTree = "<group>"; };
		9CFA2F30202461DE001416E4 /* Projet_3 */ = {isa = PBXFileReference; explicitFileType = "compiled.mach-o.executable"; includeInIndex = 0; path = Projet_3; sourceTree = BUILT_PRODUCTS_DIR; };
		9CFA2F33202461DE001416E4 /* main.swift */ = {isa = PBXFileReference; lastKnownFileType = sourcecode.swift; path = main.swift; sourceTree = "<group>"; };
/* End PBXFileReference section */

/* Begin PBXFrameworksBuildPhase section */
		9CFA2F2D202461DE001416E4 /* Frameworks */ = {
			isa = PBXFrameworksBuildPhase;
			buildActionMask = 2147483647;
			files = (
			);
			runOnlyForDeploymentPostprocessing = 0;
		};
/* End PBXFrameworksBuildPhase section */

/* Begin PBXGroup section */
		9C70A80C20249BA900005824 /* Character */ = {
			isa = PBXGroup;
			children = (
				9C70A80E20249BEB00005824 /* Character.swift */,
				9C70A81020249BF300005824 /* Fighter.swift */,
				9C70A81220249BFF00005824 /* Magus.swift */,
				9C70A81420249C0700005824 /* Colossus.swift */,
				9C70A81620249C0F00005824 /* Dwarf.swift */,
			);
			path = Character;
			sourceTree = "<group>";
		};
		9C70A80D20249BC500005824 /* Weapon */ = {
			isa = PBXGroup;
			children = (
				9C70A81820249C1800005824 /* Weapon.swift */,
				9C70A81A20249C1F00005824 /* Sword.swift */,
				9C70A81C20249C5F00005824 /* Axe.swift */,
				9C70A81E2024A44C00005824 /* Wand.swift */,
				9C70A8202024A45800005824 /* Shield.swift */,
				9C5F6030205BC4B40029BEC0 /* HammerOfGod.swift */,
				9C5F6032205BC6080029BEC0 /* LegendaryWand.swift */,
			);
			path = Weapon;
			sourceTree = "<group>";
		};
		9C70A8222024A9CB00005824 /* Game */ = {
			isa = PBXGroup;
			children = (
				9C70A8232024AA0000005824 /* Game.swift */,
				9C08D6B9202D9C5B0080356B /* Team.swift */,
			);
			path = Game;
			sourceTree = "<group>";
		};
		9CFA2F27202461DE001416E4 = {
			isa = PBXGroup;
			children = (
				9CFA2F32202461DE001416E4 /* Projet_3 */,
				9CFA2F31202461DE001416E4 /* Products */,
			);
			sourceTree = "<group>";
		};
		9CFA2F31202461DE001416E4 /* Products */ = {
			isa = PBXGroup;
			children = (
				9CFA2F30202461DE001416E4 /* Projet_3 */,
			);
			name = Products;
			sourceTree = "<group>";
		};
		9CFA2F32202461DE001416E4 /* Projet_3 */ = {
			isa = PBXGroup;
			children = (
				9CFA2F33202461DE001416E4 /* main.swift */,
				9C1109412036D7DD000EAD11 /* Input.swift */,
				9C5F6036205BD0F70029BEC0 /* NameManager.swift */,
				9C70A80C20249BA900005824 /* Character */,
				9C70A80D20249BC500005824 /* Weapon */,
				9C70A8222024A9CB00005824 /* Game */,
			);
			path = Projet_3;
			sourceTree = "<group>";
		};
/* End PBXGroup section */

/* Begin PBXNativeTarget section */
		9CFA2F2F202461DE001416E4 /* Projet_3 */ = {
			isa = PBXNativeTarget;
			buildConfigurationList = 9CFA2F37202461DE001416E4 /* Build configuration list for PBXNativeTarget "Projet_3" */;
			buildPhases = (
				9CFA2F2C202461DE001416E4 /* Sources */,
				9CFA2F2D202461DE001416E4 /* Frameworks */,
				9CFA2F2E202461DE001416E4 /* CopyFiles */,
			);
			buildRules = (
			);
			dependencies = (
			);
			name = Projet_3;
			productName = Projet_3;
			productReference = 9CFA2F30202461DE001416E4 /* Projet_3 */;
			productType = "com.apple.product-type.tool";
		};
/* End PBXNativeTarget section */

/* Begin PBXProject section */
		9CFA2F28202461DE001416E4 /* Project object */ = {
			isa = PBXProject;
			attributes = {
				LastSwiftUpdateCheck = 0920;
				LastUpgradeCheck = 0930;
				ORGANIZATIONNAME = "Maxime Tanter";
				TargetAttributes = {
					9CFA2F2F202461DE001416E4 = {
						CreatedOnToolsVersion = 9.2;
						ProvisioningStyle = Automatic;
					};
				};
			};
			buildConfigurationList = 9CFA2F2B202461DE001416E4 /* Build configuration list for PBXProject "Projet_3" */;
			compatibilityVersion = "Xcode 8.0";
			developmentRegion = en;
			hasScannedForEncodings = 0;
			knownRegions = (
				en,
			);
			mainGroup = 9CFA2F27202461DE001416E4;
			productRefGroup = 9CFA2F31202461DE001416E4 /* Products */;
			projectDirPath = "";
			projectRoot = "";
			targets = (
				9CFA2F2F202461DE001416E4 /* Projet_3 */,
			);
		};
/* End PBXProject section */

/* Begin PBXSourcesBuildPhase section */
		9CFA2F2C202461DE001416E4 /* Sources */ = {
			isa = PBXSourcesBuildPhase;
			buildActionMask = 2147483647;
			files = (
				9C5F6031205BC4B40029BEC0 /* HammerOfGod.swift in Sources */,
				9C1109422036D7DD000EAD11 /* Input.swift in Sources */,
				9C70A81520249C0700005824 /* Colossus.swift in Sources */,
				9C5F6037205BD0F70029BEC0 /* NameManager.swift in Sources */,
				9C5F6033205BC6080029BEC0 /* LegendaryWand.swift in Sources */,
				9CFA2F34202461DE001416E4 /* main.swift in Sources */,
				9C08D6BA202D9C5B0080356B /* Team.swift in Sources */,
				9C70A81D20249C5F00005824 /* Axe.swift in Sources */,
				9C70A81720249C0F00005824 /* Dwarf.swift in Sources */,
				9C70A8212024A45800005824 /* Shield.swift in Sources */,
				9C70A81920249C1800005824 /* Weapon.swift in Sources */,
				9C70A81120249BF300005824 /* Fighter.swift in Sources */,
				9C70A8242024AA0000005824 /* Game.swift in Sources */,
				9C70A81B20249C1F00005824 /* Sword.swift in Sources */,
				9C70A81F2024A44C00005824 /* Wand.swift in Sources */,
				9C70A80F20249BEB00005824 /* Character.swift in Sources */,
				9C70A81320249BFF00005824 /* Magus.swift in Sources */,
			);
			runOnlyForDeploymentPostprocessing = 0;
		};
/* End PBXSourcesBuildPhase section */

/* Begin XCBuildConfiguration section */
		9CFA2F35202461DE001416E4 /* Debug */ = {
			isa = XCBuildConfiguration;
			buildSettings = {
				ALWAYS_SEARCH_USER_PATHS = NO;
				CLANG_ANALYZER_NONNULL = YES;
				CLANG_ANALYZER_NUMBER_OBJECT_CONVERSION = YES_AGGRESSIVE;
				CLANG_CXX_LANGUAGE_STANDARD = "gnu++14";
				CLANG_CXX_LIBRARY = "libc++";
				CLANG_ENABLE_MODULES = YES;
				CLANG_ENABLE_OBJC_ARC = YES;
				CLANG_WARN_BLOCK_CAPTURE_AUTORELEASING = YES;
				CLANG_WARN_BOOL_CONVERSION = YES;
				CLANG_WARN_COMMA = YES;
				CLANG_WARN_CONSTANT_CONVERSION = YES;
				CLANG_WARN_DEPRECATED_OBJC_IMPLEMENTATIONS = YES;
				CLANG_WARN_DIRECT_OBJC_ISA_USAGE = YES_ERROR;
				CLANG_WARN_DOCUMENTATION_COMMENTS = YES;
				CLANG_WARN_EMPTY_BODY = YES;
				CLANG_WARN_ENUM_CONVERSION = YES;
				CLANG_WARN_INFINITE_RECURSION = YES;
				CLANG_WARN_INT_CONVERSION = YES;
				CLANG_WARN_NON_LITERAL_NULL_CONVERSION = YES;
				CLANG_WARN_OBJC_IMPLICIT_RETAIN_SELF = YES;
				CLANG_WARN_OBJC_LITERAL_CONVERSION = YES;
				CLANG_WARN_OBJC_ROOT_CLASS = YES_ERROR;
				CLANG_WARN_RANGE_LOOP_ANALYSIS = YES;
				CLANG_WARN_STRICT_PROTOTYPES = YES;
				CLANG_WARN_SUSPICIOUS_MOVE = YES;
				CLANG_WARN_UNGUARDED_AVAILABILITY = YES_AGGRESSIVE;
				CLANG_WARN_UNREACHABLE_CODE = YES;
				CLANG_WARN__DUPLICATE_METHOD_MATCH = YES;
				CODE_SIGN_IDENTITY = "-";
				COPY_PHASE_STRIP = NO;
				DEBUG_INFORMATION_FORMAT = dwarf;
				ENABLE_STRICT_OBJC_MSGSEND = YES;
				ENABLE_TESTABILITY = YES;
				GCC_C_LANGUAGE_STANDARD = gnu11;
				GCC_DYNAMIC_NO_PIC = NO;
				GCC_NO_COMMON_BLOCKS = YES;
				GCC_OPTIMIZATION_LEVEL = 0;
				GCC_PREPROCESSOR_DEFINITIONS = (
					"DEBUG=1",
					"$(inherited)",
				);
				GCC_WARN_64_TO_32_BIT_CONVERSION = YES;
				GCC_WARN_ABOUT_RETURN_TYPE = YES_ERROR;
				GCC_WARN_UNDECLARED_SELECTOR = YES;
				GCC_WARN_UNINITIALIZED_AUTOS = YES_AGGRESSIVE;
				GCC_WARN_UNUSED_FUNCTION = YES;
				GCC_WARN_UNUSED_VARIABLE = YES;
				MACOSX_DEPLOYMENT_TARGET = 10.13;
				MTL_ENABLE_DEBUG_INFO = YES;
				ONLY_ACTIVE_ARCH = YES;
				SDKROOT = macosx;
				SWIFT_ACTIVE_COMPILATION_CONDITIONS = DEBUG;
				SWIFT_OPTIMIZATION_LEVEL = "-Onone";
			};
			name = Debug;
		};
		9CFA2F36202461DE001416E4 /* Release */ = {
			isa = XCBuildConfiguration;
			buildSettings = {
				ALWAYS_SEARCH_USER_PATHS = NO;
				CLANG_ANALYZER_NONNULL = YES;
				CLANG_ANALYZER_NUMBER_OBJECT_CONVERSION = YES_AGGRESSIVE;
				CLANG_CXX_LANGUAGE_STANDARD = "gnu++14";
				CLANG_CXX_LIBRARY = "libc++";
				CLANG_ENABLE_MODULES = YES;
				CLANG_ENABLE_OBJC_ARC = YES;
				CLANG_WARN_BLOCK_CAPTURE_AUTORELEASING = YES;
				CLANG_WARN_BOOL_CONVERSION = YES;
				CLANG_WARN_COMMA = YES;
				CLANG_WARN_CONSTANT_CONVERSION = YES;
				CLANG_WARN_DEPRECATED_OBJC_IMPLEMENTATIONS = YES;
				CLANG_WARN_DIRECT_OBJC_ISA_USAGE = YES_ERROR;
				CLANG_WARN_DOCUMENTATION_COMMENTS = YES;
				CLANG_WARN_EMPTY_BODY = YES;
				CLANG_WARN_ENUM_CONVERSION = YES;
				CLANG_WARN_INFINITE_RECURSION = YES;
				CLANG_WARN_INT_CONVERSION = YES;
				CLANG_WARN_NON_LITERAL_NULL_CONVERSION = YES;
				CLANG_WARN_OBJC_IMPLICIT_RETAIN_SELF = YES;
				CLANG_WARN_OBJC_LITERAL_CONVERSION = YES;
				CLANG_WARN_OBJC_ROOT_CLASS = YES_ERROR;
				CLANG_WARN_RANGE_LOOP_ANALYSIS = YES;
				CLANG_WARN_STRICT_PROTOTYPES = YES;
				CLANG_WARN_SUSPICIOUS_MOVE = YES;
				CLANG_WARN_UNGUARDED_AVAILABILITY = YES_AGGRESSIVE;
				CLANG_WARN_UNREACHABLE_CODE = YES;
				CLANG_WARN__DUPLICATE_METHOD_MATCH = YES;
				CODE_SIGN_IDENTITY = "-";
				COPY_PHASE_STRIP = NO;
				DEBUG_INFORMATION_FORMAT = "dwarf-with-dsym";
				ENABLE_NS_ASSERTIONS = NO;
				ENABLE_STRICT_OBJC_MSGSEND = YES;
				GCC_C_LANGUAGE_STANDARD = gnu11;
				GCC_NO_COMMON_BLOCKS = YES;
				GCC_WARN_64_TO_32_BIT_CONVERSION = YES;
				GCC_WARN_ABOUT_RETURN_TYPE = YES_ERROR;
				GCC_WARN_UNDECLARED_SELECTOR = YES;
				GCC_WARN_UNINITIALIZED_AUTOS = YES_AGGRESSIVE;
				GCC_WARN_UNUSED_FUNCTION = YES;
				GCC_WARN_UNUSED_VARIABLE = YES;
				MACOSX_DEPLOYMENT_TARGET = 10.13;
				MTL_ENABLE_DEBUG_INFO = NO;
				SDKROOT = macosx;
				SWIFT_OPTIMIZATION_LEVEL = "-Owholemodule";
			};
			name = Release;
		};
		9CFA2F38202461DE001416E4 /* Debug */ = {
			isa = XCBuildConfiguration;
			buildSettings = {
				CODE_SIGN_STYLE = Automatic;
				PRODUCT_NAME = "$(TARGET_NAME)";
				SWIFT_VERSION = 4.0;
			};
			name = Debug;
		};
		9CFA2F39202461DE001416E4 /* Release */ = {
			isa = XCBuildConfiguration;
			buildSettings = {
				CODE_SIGN_STYLE = Automatic;
				PRODUCT_NAME = "$(TARGET_NAME)";
				SWIFT_VERSION = 4.0;
			};
			name = Release;
		};
/* End XCBuildConfiguration section */

/* Begin XCConfigurationList section */
		9CFA2F2B202461DE001416E4 /* Build configuration list for PBXProject "Projet_3" */ = {
			isa = XCConfigurationList;
			buildConfigurations = (
				9CFA2F35202461DE001416E4 /* Debug */,
				9CFA2F36202461DE001416E4 /* Release */,
			);
			defaultConfigurationIsVisible = 0;
			defaultConfigurationName = Release;
		};
		9CFA2F37202461DE001416E4 /* Build configuration list for PBXNativeTarget "Projet_3" */ = {
			isa = XCConfigurationList;
			buildConfigurations = (
				9CFA2F38202461DE001416E4 /* Debug */,
				9CFA2F39202461DE001416E4 /* Release */,
			);
			defaultConfigurationIsVisible = 0;
			defaultConfigurationName = Release;
		};
/* End XCConfigurationList section */
	};
	rootObject = 9CFA2F28202461DE001416E4 /* Project object */;
}
